
Microsoft Visual Studio Solution File, Format Version 12.00
# Visual Studio Version 16
VisualStudioVersion = 16.0.29215.179
MinimumVisualStudioVersion = 10.0.40219.1
Project("{9A19103F-16F7-4668-BE54-9A1E7A4F7556}") = "Products", "Products\Products.csproj", "{DB38A6CE-2487-49F4-9537-9E63D766292F}"
EndProject
Project("{FAE04EC0-301F-11D3-BF4B-00C04F79EFBC}") = "ProductsTest", "ProductsTest\ProductsTest.csproj", "{EF091CE9-A968-4FA0-8FC5-BB98DA0C30E0}"
EndProject
Global
	GlobalSection(SolutionConfigurationPlatforms) = preSolution
		Debug|Any CPU = Debug|Any CPU
		Release|Any CPU = Release|Any CPU
	EndGlobalSection
	GlobalSection(ProjectConfigurationPlatforms) = postSolution
		{DB38A6CE-2487-49F4-9537-9E63D766292F}.Debug|Any CPU.ActiveCfg = Debug|Any CPU
		{DB38A6CE-2487-49F4-9537-9E63D766292F}.Debug|Any CPU.Build.0 = Debug|Any CPU
		{DB38A6CE-2487-49F4-9537-9E63D766292F}.Release|Any CPU.ActiveCfg = Release|Any CPU
		{DB38A6CE-2487-49F4-9537-9E63D766292F}.Release|Any CPU.Build.0 = Release|Any CPU
		{EF091CE9-A968-4FA0-8FC5-BB98DA0C30E0}.Debug|Any CPU.ActiveCfg = Debug|Any CPU
		{EF091CE9-A968-4FA0-8FC5-BB98DA0C30E0}.Debug|Any CPU.Build.0 = Debug|Any CPU
		{EF091CE9-A968-4FA0-8FC5-BB98DA0C30E0}.Release|Any CPU.ActiveCfg = Release|Any CPU
		{EF091CE9-A968-4FA0-8FC5-BB98DA0C30E0}.Release|Any CPU.Build.0 = Release|Any CPU
	EndGlobalSection
	GlobalSection(SolutionProperties) = preSolution
		HideSolutionNode = FALSE
	EndGlobalSection
	GlobalSection(ExtensibilityGlobals) = postSolution
		SolutionGuid = {14A65708-8D76-445F-977C-D888CC5D465D}
	EndGlobalSection
EndGlobal
