{
  "requires": true,
  "lockfileVersion": 1,
  "dependencies": {
    "@angular/animations": {
      "version": "8.2.3",
      "resolved": "https://registry.npmjs.org/@angular/animations/-/animations-8.2.3.tgz",
      "integrity": "sha512-kumEi9s8/cCNkndmETbAN7eSBfPkHGgX1up8ynsRgpjX7PTiGpsKMP0rxJBt281fqQPL/D6G3yZOyC5YfsP5+g==",
      "requires": {
        "tslib": "^1.9.0"
      }
    },
    "bootswatch": {
      "version": "4.3.1",
      "resolved": "https://registry.npmjs.org/bootswatch/-/bootswatch-4.3.1.tgz",
      "integrity": "sha512-kNdpo/TnhO++aic1IODLIe1V0lx6pXwHMpwXMacpANDnuVDtgU1MUgUbVMC3rSWm4UcbImfwPraNYgjKDT0BtA=="
    },
    "primeicons": {
      "version": "2.0.0",
      "resolved": "https://registry.npmjs.org/primeicons/-/primeicons-2.0.0.tgz",
      "integrity": "sha512-GJTCeMSQU8UU1GqbsaDrg/IH+b/vSinJQl52NVpdJ7sShYLZA8Eq6jLF48Ye3N/dQloGrE07i7XsZvxQ9pNbqg=="
    },
    "primeng": {
      "version": "8.0.2",
      "resolved": "https://registry.npmjs.org/primeng/-/primeng-8.0.2.tgz",
      "integrity": "sha512-MCY2oYXt0TLqDHcuMD2yqe/pg7OCCTvK/szqInkhXn8a76KA0yLDmm+hF+gaH/xQShqnYuazb23GlYVZi8zFDQ=="
    },
    "tslib": {
      "version": "1.10.0",
      "resolved": "https://registry.npmjs.org/tslib/-/tslib-1.10.0.tgz",
      "integrity": "sha512-qOebF53frne81cf0S9B41ByenJ3/IuH8yJKngAX35CmiZySA0khhkovshKK+jGCaMnVomla7gVlIcc3EvKPbTQ=="
    }
  }
}
